# This file is automatically @generated by Cargo.
# It is not intended for manual editing.
version = 4

[[package]]
name = "superko-cli"
version = "0.0.0"
dependencies = [
 "superko-geography",
 "superko-graph",
 "superko-reduce",
 "superko-rules",
 "superko-solve",
]

[[package]]
name = "superko-geography"
version = "0.0.0"

[[package]]
name = "superko-graph"
version = "0.0.0"
dependencies = [
 "superko-rules",
]

[[package]]
name = "superko-reduce"
version = "0.0.0"
dependencies = [
 "superko-geography",
 "superko-rules",
 "superko-solve",
]

[[package]]
name = "superko-rules"
version = "0.0.0"

[[package]]
name = "superko-solve"
version = "0.0.0"
dependencies = [
 "superko-graph",
 "superko-rules",
]
